PODS:
  - FlutterMacOS (1.0.0)
  - soundpool_macos (1.0.0):
    - FlutterMacOS

DEPENDENCIES:
  - FlutterMacOS (from `Flutter/ephemeral`)
  - soundpool_macos (from `Flutter/ephemeral/.symlinks/plugins/soundpool_macos/macos`)

EXTERNAL SOURCES:
  FlutterMacOS:
    :path: Flutter/ephemeral
  soundpool_macos:
    :path: Flutter/ephemeral/.symlinks/plugins/soundpool_macos/macos

SPEC CHECKSUMS:
  FlutterMacOS: 8f6f14fa908a6fb3fba0cd85dbd81ec4b251fb24
  soundpool_macos: 3bc0b8b238407516ad9b8afc2647670ff58124f9

PODFILE CHECKSUM: 236401fc2c932af29a9fcf0e97baeeb2d750d367

COCOAPODS: 1.15.2
